# This file is generated by running "yarn install" inside your project.
# Manual changes might be lost - proceed with caution!

__metadata:
  version: 4
  cacheKey: 7

"@strdst/tsconfig@npm:^1.0.0":
  version: 1.0.3
  resolution: "@strdst/tsconfig@npm:1.0.3::__archiveUrl=https%3A%2F%2Fnpm.pkg.github.com%2Fdownload%2F%40strdst%2Ftsconfig%2F1.0.3%2Fce0fcc97e9ff1634f449cd3812a355cc1749d1ec6afb0c75b61f640f3ba5cd6e"
  dependencies:
    "@tsconfig/node14": ^1.0.0
  checksum: d694b326461621121c1714f439ab8556a8138660b2e6ef3fcc35c3f391b53307b44e75e49e1e5d174a2114a708df03b73b7f4128b780af86168a8010505720c5
  languageName: node
  linkType: hard

"@strdst/utils.binary@npm:^1.0.8":
  version: 1.0.8
  resolution: "@strdst/utils.binary@npm:1.0.8::__archiveUrl=https%3A%2F%2Fnpm.pkg.github.com%2Fdownload%2F%40strdst%2Futils.binary%2F1.0.8%2F61bde59d41ac9858a57ccc0e9462a81b990cd3e3fe507fccef682376409bbdc9"
  dependencies:
    "@strdst/utils.nbt": ^1.0.2
    uuid: ^8.3.0
  checksum: 701a7127aea22e4aec64a6417970580f20815eaa12b7ed1551e49086817e6ec04b96727d403d3326a79a02227d243045a02e216e2aa7a45a2a559d98a82876cf
  languageName: node
  linkType: hard

"@strdst/utils.nbt@npm:^1.0.2":
  version: 1.0.2
  resolution: "@strdst/utils.nbt@npm:1.0.2::__archiveUrl=https%3A%2F%2Fnpm.pkg.github.com%2Fdownload%2F%40strdst%2Futils.nbt%2F1.0.2%2F2ac0ab43add66538c356ebc40e536e300a88bdcd65f2566e7b7110e81c49091d"
  checksum: ff2311a6415774600e0949804c1e499d16f0a28002579e6feac55780c69b417b85d3baa7167fa66615b84d092722717916312d63c23ac03bcc1feb82686aa99e
  languageName: node
  linkType: hard

"@strdstnet/utils.binary@workspace:.":
  version: 0.0.0-use.local
  resolution: "@strdstnet/utils.binary@workspace:."
  dependencies:
    "@strdst/tsconfig": ^1.0.0
    "@strdst/utils.binary": ^1.0.8
    "@strdst/utils.nbt": ^1.0.2
    "@types/node": ^14.11.2
    "@types/uuid": ^8.3.0
    ts-node: ^9.0.0
    typescript: ^4.0.3
    uuid: ^8.3.0
  languageName: unknown
  linkType: soft

"@tsconfig/node14@npm:^1.0.0":
  version: 1.0.0
  resolution: "@tsconfig/node14@npm:1.0.0"
  checksum: 3eda14250ed8a03910ce822056f0d2fc2bcf41d9f1f3c6b202a6b32277dc638f475425fe7a1c03fbdba4e7f3b89668ecbac92d101c9e9fb56018c098393759ec
  languageName: node
  linkType: hard

"@types/node@npm:^14.11.2":
  version: 14.14.35
  resolution: "@types/node@npm:14.14.35"
  checksum: 0f6320bf5370d1ff82105fb7f26aa0658499c97d3ec78561e65b65724280244f281602541182b63470d2c8a98db22fbb4f91409c5c7c97da8c3bb8f97fbc5dbc
  languageName: node
  linkType: hard

"@types/uuid@npm:^8.3.0":
  version: 8.3.0
  resolution: "@types/uuid@npm:8.3.0"
  checksum: 620985aed8fdb4aed153daca5235f4303457a67a4d181efac0021712eabd9edd7e88895f79730c0e651effde7633b1b61e49a81519ac8d4e75019d2ac9b6412f
  languageName: node
  linkType: hard

"arg@npm:^4.1.0":
  version: 4.1.3
  resolution: "arg@npm:4.1.3"
  checksum: 81b3b40b1529c4fbf75b12f7c3e6fb2dcce9e78072063babc169de9b4f40777788f3d2b04380f659ef676a756e03ccfbfe78adf4477353bda906295fa69dab89
  languageName: node
  linkType: hard

"buffer-from@npm:^1.0.0":
  version: 1.1.1
  resolution: "buffer-from@npm:1.1.1"
  checksum: 540ceb79c4f5bfcadaabbc18324fa84c50dc52905084be7c03596a339cf5a88513bee6831ce9b36ddd046fab09257a7c80686e129d0559a0cfd141da196ad956
  languageName: node
  linkType: hard

"create-require@npm:^1.1.0":
  version: 1.1.1
  resolution: "create-require@npm:1.1.1"
  checksum: babd307893abfb26d77ae11cb9d6b6cfa6d18c9cee435cf70b5a3fb44aa8d90c9ec26ea89cbb16e0a94b8d34f5fcaee164b90ed526cdd3158955673ab9652d01
  languageName: node
  linkType: hard

"diff@npm:^4.0.1":
  version: 4.0.2
  resolution: "diff@npm:4.0.2"
  checksum: 81b5cd7ddde6f0ba2a532d434cfdca365aedd6cc62bb133e851e66e071d40382a30924a07c1034bd3d5a2e332146f64514b73c06fe2ebc0490a67f0c98da79fb
  languageName: node
  linkType: hard

"make-error@npm:^1.1.1":
  version: 1.3.6
  resolution: "make-error@npm:1.3.6"
  checksum: 2c780bab8409b865e8ee86697c599a2bf2765ec64d21eb67ccda27050e039f983feacad05a0d43aba3c966ea03d305d2612e94fec45474bcbc61181f57c5bb88
  languageName: node
  linkType: hard

"source-map-support@npm:^0.5.17":
  version: 0.5.19
  resolution: "source-map-support@npm:0.5.19"
  dependencies:
    buffer-from: ^1.0.0
    source-map: ^0.6.0
  checksum: 59d4efaae97755155b078413ecba63517e3ef054cc7ab767bbd30e6f3054be2ae8e8f5cce7eef53b7eb93e98fe27a58dd8f5e7abfb13144ba420ddaf5267bbb2
  languageName: node
  linkType: hard

"source-map@npm:^0.6.0":
  version: 0.6.1
  resolution: "source-map@npm:0.6.1"
  checksum: 8647829a0611724114022be455ca1c8a2c8ae61df81c5b3667d9b398207226a1e21174fb7bbf0b4dbeb27ac358222afb5a14f1c74a62a62b8883b012e5eb1270
  languageName: node
  linkType: hard

"ts-node@npm:^9.0.0":
  version: 9.1.1
  resolution: "ts-node@npm:9.1.1"
  dependencies:
    arg: ^4.1.0
    create-require: ^1.1.0
    diff: ^4.0.1
    make-error: ^1.1.1
    source-map-support: ^0.5.17
    yn: 3.1.1
  peerDependencies:
    typescript: ">=2.7"
  bin:
    ts-node: dist/bin.js
    ts-node-script: dist/bin-script.js
    ts-node-transpile-only: dist/bin-transpile.js
    ts-script: dist/bin-script-deprecated.js
  checksum: a90db4a342872cd0e7a80babdfcb15d2f7c06e700d735003098f7cc79db575c3380580c58a19ae0d0eaab553af083651d4237060c92170e6f8ac4e64693113ea
  languageName: node
  linkType: hard

typescript@^4.0.3:
  version: 4.2.3
  resolution: "typescript@npm:4.2.3"
  bin:
    tsc: bin/tsc
    tsserver: bin/tsserver
  checksum: 06e8470f317db6f5e2fce809b20eb84a67a7d8179057abff36e5427bd1b891bd08e54581ff81f0fa36aef9b6d1eb0f54eaf6e2643c6dbd4e37a0adcc41eed256
  languageName: node
  linkType: hard

"typescript@patch:typescript@^4.0.3#builtin<compat/typescript>":
  version: 4.2.3
  resolution: "typescript@patch:typescript@npm%3A4.2.3#builtin<compat/typescript>::version=4.2.3&hash=a45b0e"
  bin:
    tsc: bin/tsc
    tsserver: bin/tsserver
  checksum: a8956044aabf730699bcc3c2475efdd3f35e509329325cf60b4989761d4c2188e2c474183e2cf92b8c201fcf976814a5a16f144508b2a832643c4f972d0ab803
  languageName: node
  linkType: hard

"uuid@npm:^8.3.0":
  version: 8.3.2
  resolution: "uuid@npm:8.3.2"
  bin:
    uuid: dist/bin/uuid
  checksum: aed2bcef341f95635f308fea8831fb9038b18c485fe7e71feb89d2e05602dfecad0cb6f2246fae096d4da425cca6e8a71056f28abd97ad98cf770a2018853248
  languageName: node
  linkType: hard

"yn@npm:3.1.1":
  version: 3.1.1
  resolution: "yn@npm:3.1.1"
  checksum: bff63b80568d80c711670935427494dde47cdf97e8b04196b140ce0af519c81c5ee857eddad0caa8b422dd65aea0157bbfaacbb1546bebba623f0f383d5d9ae5
  languageName: node
  linkType: hard
